
Microsoft Visual Studio Solution File, Format Version 12.00
# Visual Studio Version 16
VisualStudioVersion = 16.0.30225.117
MinimumVisualStudioVersion = 10.0.40219.1
Project("{FAE04EC0-301F-11D3-BF4B-00C04F79EFBC}") = "DiagTool v1.0", "DiagTool v1.0\DiagTool v1.0.csproj", "{0BBC0E60-7A61-4C34-9368-AD94BE0E71C8}"
EndProject
Global
	GlobalSection(SolutionConfigurationPlatforms) = preSolution
		Debug|Any CPU = Debug|Any CPU
		Release|Any CPU = Release|Any CPU
	EndGlobalSection
	GlobalSection(ProjectConfigurationPlatforms) = postSolution
		{0BBC0E60-7A61-4C34-9368-AD94BE0E71C8}.Debug|Any CPU.ActiveCfg = Debug|Any CPU
		{0BBC0E60-7A61-4C34-9368-AD94BE0E71C8}.Debug|Any CPU.Build.0 = Debug|Any CPU
		{0BBC0E60-7A61-4C34-9368-AD94BE0E71C8}.Release|Any CPU.ActiveCfg = Release|Any CPU
		{0BBC0E60-7A61-4C34-9368-AD94BE0E71C8}.Release|Any CPU.Build.0 = Release|Any CPU
	EndGlobalSection
	GlobalSection(SolutionProperties) = preSolution
		HideSolutionNode = FALSE
	EndGlobalSection
	GlobalSection(ExtensibilityGlobals) = postSolution
		SolutionGuid = {476D41E0-D44A-4B74-B76F-152D2F987478}
	EndGlobalSection
EndGlobal
